
Microsoft Visual Studio Solution File, Format Version 12.00
# Visual Studio Version 17
VisualStudioVersion = 17.4.33103.184
MinimumVisualStudioVersion = 10.0.40219.1
Project("{FAE04EC0-301F-11D3-BF4B-00C04F79EFBC}") = "Responsi", "Responsi\Responsi.csproj", "{182861FA-CC16-43C1-BE5D-0B29A347A753}"
EndProject
Global
	GlobalSection(SolutionConfigurationPlatforms) = preSolution
		Debug|Any CPU = Debug|Any CPU
		Release|Any CPU = Release|Any CPU
	EndGlobalSection
	GlobalSection(ProjectConfigurationPlatforms) = postSolution
		{182861FA-CC16-43C1-BE5D-0B29A347A753}.Debug|Any CPU.ActiveCfg = Debug|Any CPU
		{182861FA-CC16-43C1-BE5D-0B29A347A753}.Debug|Any CPU.Build.0 = Debug|Any CPU
		{182861FA-CC16-43C1-BE5D-0B29A347A753}.Release|Any CPU.ActiveCfg = Release|Any CPU
		{182861FA-CC16-43C1-BE5D-0B29A347A753}.Release|Any CPU.Build.0 = Release|Any CPU
	EndGlobalSection
	GlobalSection(SolutionProperties) = preSolution
		HideSolutionNode = FALSE
	EndGlobalSection
	GlobalSection(ExtensibilityGlobals) = postSolution
		SolutionGuid = {3C2E9112-E08D-43C9-981F-389259A57F1F}
	EndGlobalSection
EndGlobal
